# This file was autogenerated by Stack.
# You should not edit this file by hand.
# For more information, please see the documentation at:
#   https://docs.haskellstack.org/en/stable/lock_files

packages:
- completed:
    hackage: gigaparsec-0.2.3.0@sha256:958d6463a2503f2e53c02043b27a15c49e0fe324f1c73a8d3b4660df2154ebcd,8695
    pantry-tree:
      sha256: 359f703bb5e18fc37ff61d3bd3406055cd20d71bc52e02bd3b0807be8a9f4e56
      size: 4406
  original:
    hackage: gigaparsec-0.2.3.0
snapshots:
- completed:
    sha256: 7b975b104cb3dbf0c297dfd01f936a4d2ee523241dd0b1ae960522b833fe3027
    size: 714096
    url: https://raw.githubusercontent.com/commercialhaskell/stackage-snapshots/master/lts/22/7.yaml
  original:
    url: https://raw.githubusercontent.com/commercialhaskell/stackage-snapshots/master/lts/22/7.yaml
