# This file was autogenerated by Stack.
# You should not edit this file by hand.
# For more information, please see the documentation at:
#   https://docs.haskellstack.org/en/stable/lock_files

packages:
- completed:
    hackage: gigaparsec-0.2.4.0@sha256:2031e4e605ee1d288ea0ad84aad330a4ae4d47688f0cec84821ff7b90643b493,8872
    pantry-tree:
      sha256: 0a975fa071aeaffd0f1dd898c9f77cf8aa2a4cf8a56a1dc0e400fdb38206e0a5
      size: 4656
  original:
    hackage: gigaparsec-0.2.4.0
snapshots:
- completed:
    sha256: 7b975b104cb3dbf0c297dfd01f936a4d2ee523241dd0b1ae960522b833fe3027
    size: 714096
    url: https://raw.githubusercontent.com/commercialhaskell/stackage-snapshots/master/lts/22/7.yaml
  original:
    url: https://raw.githubusercontent.com/commercialhaskell/stackage-snapshots/master/lts/22/7.yaml
